<?xml version="1.0" encoding="UTF-8"?>
<Scheme
   LastUpgradeVersion = "1010"
   version = "1.3">
   <BuildAction
      parallelizeBuildables = "YES"
      buildImplicitDependencies = "YES">
      <BuildActionEntries>
         <BuildActionEntry
            buildForTesting = "YES"
            buildForRunning = "YES"
            buildForProfiling = "YES"
            buildForArchiving = "YES"
            buildForAnalyzing = "YES">
            <BuildableReference
               BuildableIdentifier = "primary"
               BlueprintIdentifier = "A1794ABEF889A33E6D27E466"
               BuildableName = "Algorithms.framework"
               BlueprintName = "Algorithms"
               ReferencedContainer = "container:.build/tuist-derived/swift-algorithms/swift-algorithms.xcodeproj">
            </BuildableReference>
         </BuildActionEntry>
         <BuildActionEntry
            buildForTesting = "YES"
            buildForRunning = "YES"
            buildForProfiling = "YES"
            buildForArchiving = "YES"
            buildForAnalyzing = "YES">
            <BuildableReference
               BuildableIdentifier = "primary"
               BlueprintIdentifier = "1D8F4B5C79463881D0101F75"
               BuildableName = "App"
               BlueprintName = "App"
               ReferencedContainer = "container:backendVapor.xcodeproj">
            </BuildableReference>
         </BuildActionEntry>
         <BuildActionEntry
            buildForTesting = "YES"
            buildForRunning = "YES"
            buildForProfiling = "YES"
            buildForArchiving = "YES"
            buildForAnalyzing = "YES">
            <BuildableReference
               BuildableIdentifier = "primary"
               BlueprintIdentifier = "2625544D4709AA2B0F96F362"
               BuildableName = "AsyncHTTPClient.framework"
               BlueprintName = "AsyncHTTPClient"
               ReferencedContainer = "container:.build/tuist-derived/async-http-client/async-http-client.xcodeproj">
            </BuildableReference>
         </BuildActionEntry>
         <BuildActionEntry
            buildForTesting = "YES"
            buildForRunning = "YES"
            buildForProfiling = "YES"
            buildForArchiving = "YES"
            buildForAnalyzing = "YES">
            <BuildableReference
               BuildableIdentifier = "primary"
               BlueprintIdentifier = "EFC9790D7E5C0A1FD29B385E"
               BuildableName = "AsyncKit.framework"
               BlueprintName = "AsyncKit"
               ReferencedContainer = "container:.build/tuist-derived/async-kit/async-kit.xcodeproj">
            </BuildableReference>
         </BuildActionEntry>
         <BuildActionEntry
            buildForTesting = "YES"
            buildForRunning = "YES"
            buildForProfiling = "YES"
            buildForArchiving = "YES"
            buildForAnalyzing = "YES">
            <BuildableReference
               BuildableIdentifier = "primary"
               BlueprintIdentifier = "B55B2CB883D6F4AC79C162BF"
               BuildableName = "Atomics.framework"
               BlueprintName = "Atomics"
               ReferencedContainer = "container:.build/tuist-derived/swift-atomics/swift-atomics.xcodeproj">
            </BuildableReference>
         </BuildActionEntry>
         <BuildActionEntry
            buildForTesting = "YES"
            buildForRunning = "YES"
            buildForProfiling = "YES"
            buildForArchiving = "YES"
            buildForAnalyzing = "YES">
            <BuildableReference
               BuildableIdentifier = "primary"
               BlueprintIdentifier = "0B38F1CC986D8B120C00FDBB"
               BuildableName = "BitCollections.framework"
               BlueprintName = "BitCollections"
               ReferencedContainer = "container:.build/tuist-derived/swift-collections/swift-collections.xcodeproj">
            </BuildableReference>
         </BuildActionEntry>
         <BuildActionEntry
            buildForTesting = "YES"
            buildForRunning = "YES"
            buildForProfiling = "YES"
            buildForArchiving = "YES"
            buildForAnalyzing = "YES">
            <BuildableReference
               BuildableIdentifier = "primary"
               BlueprintIdentifier = "A6A8758E4222740B0D6B0535"
               BuildableName = "CAsyncHTTPClient.framework"
               BlueprintName = "CAsyncHTTPClient"
               ReferencedContainer = "container:.build/tuist-derived/async-http-client/async-http-client.xcodeproj">
            </BuildableReference>
         </BuildActionEntry>
         <BuildActionEntry
            buildForTesting = "YES"
            buildForRunning = "YES"
            buildForProfiling = "YES"
            buildForArchiving = "YES"
            buildForAnalyzing = "YES">
            <BuildableReference
               BuildableIdentifier = "primary"
               BlueprintIdentifier = "86CD0A1929940956689D37C9"
               BuildableName = "CNIOAtomics.framework"
               BlueprintName = "CNIOAtomics"
               ReferencedContainer = "container:.build/tuist-derived/swift-nio/swift-nio.xcodeproj">
            </BuildableReference>
         </BuildActionEntry>
         <BuildActionEntry
            buildForTesting = "YES"
            buildForRunning = "YES"
            buildForProfiling = "YES"
            buildForArchiving = "YES"
            buildForAnalyzing = "YES">
            <BuildableReference
               BuildableIdentifier = "primary"
               BlueprintIdentifier = "A01DE0810AB715060ADD41C9"
               BuildableName = "CNIOBoringSSL.framework"
               BlueprintName = "CNIOBoringSSL"
               ReferencedContainer = "container:.build/tuist-derived/swift-nio-ssl/swift-nio-ssl.xcodeproj">
            </BuildableReference>
         </BuildActionEntry>
         <BuildActionEntry
            buildForTesting = "YES"
            buildForRunning = "YES"
            buildForProfiling = "YES"
            buildForArchiving = "YES"
            buildForAnalyzing = "YES">
            <BuildableReference
               BuildableIdentifier = "primary"
               BlueprintIdentifier = "96CBE95319192126E3D7E389"
               BuildableName = "CNIOBoringSSLShims.framework"
               BlueprintName = "CNIOBoringSSLShims"
               ReferencedContainer = "container:.build/tuist-derived/swift-nio-ssl/swift-nio-ssl.xcodeproj">
            </BuildableReference>
         </BuildActionEntry>
         <BuildActionEntry
            buildForTesting = "YES"
            buildForRunning = "YES"
            buildForProfiling = "YES"
            buildForArchiving = "YES"
            buildForAnalyzing = "YES">
            <BuildableReference
               BuildableIdentifier = "primary"
               BlueprintIdentifier = "CB946423C1C7C3FCE2CA456E"
               BuildableName = "CNIODarwin.framework"
               BlueprintName = "CNIODarwin"
               ReferencedContainer = "container:.build/tuist-derived/swift-nio/swift-nio.xcodeproj">
            </BuildableReference>
         </BuildActionEntry>
         <BuildActionEntry
            buildForTesting = "YES"
            buildForRunning = "YES"
            buildForProfiling = "YES"
            buildForArchiving = "YES"
            buildForAnalyzing = "YES">
            <BuildableReference
               BuildableIdentifier = "primary"
               BlueprintIdentifier = "94AC2D0AAC86C3EF3C02759B"
               BuildableName = "CNIOExtrasZlib.framework"
               BlueprintName = "CNIOExtrasZlib"
               ReferencedContainer = "container:.build/tuist-derived/swift-nio-extras/swift-nio-extras.xcodeproj">
            </BuildableReference>
         </BuildActionEntry>
         <BuildActionEntry
            buildForTesting = "YES"
            buildForRunning = "YES"
            buildForProfiling = "YES"
            buildForArchiving = "YES"
            buildForAnalyzing = "YES">
            <BuildableReference
               BuildableIdentifier = "primary"
               BlueprintIdentifier = "D7D0ACC6F6B3E59B33A5FE26"
               BuildableName = "CNIOLLHTTP.framework"
               BlueprintName = "CNIOLLHTTP"
               ReferencedContainer = "container:.build/tuist-derived/swift-nio/swift-nio.xcodeproj">
            </BuildableReference>
         </BuildActionEntry>
         <BuildActionEntry
            buildForTesting = "YES"
            buildForRunning = "YES"
            buildForProfiling = "YES"
            buildForArchiving = "YES"
            buildForAnalyzing = "YES">
            <BuildableReference
               BuildableIdentifier = "primary"
               BlueprintIdentifier = "C6AF38057D575FEA5C87B31C"
               BuildableName = "CNIOLinux.framework"
               BlueprintName = "CNIOLinux"
               ReferencedContainer = "container:.build/tuist-derived/swift-nio/swift-nio.xcodeproj">
            </BuildableReference>
         </BuildActionEntry>
         <BuildActionEntry
            buildForTesting = "YES"
            buildForRunning = "YES"
            buildForProfiling = "YES"
            buildForArchiving = "YES"
            buildForAnalyzing = "YES">
            <BuildableReference
               BuildableIdentifier = "primary"
               BlueprintIdentifier = "F35C93703B8841DDC7C491C5"
               BuildableName = "CNIOSHA1.framework"
               BlueprintName = "CNIOSHA1"
               ReferencedContainer = "container:.build/tuist-derived/swift-nio/swift-nio.xcodeproj">
            </BuildableReference>
         </BuildActionEntry>
         <BuildActionEntry
            buildForTesting = "YES"
            buildForRunning = "YES"
            buildForProfiling = "YES"
            buildForArchiving = "YES"
            buildForAnalyzing = "YES">
            <BuildableReference
               BuildableIdentifier = "primary"
               BlueprintIdentifier = "572E9C4110E43F9CF82BF040"
               BuildableName = "CNIOWindows.framework"
               BlueprintName = "CNIOWindows"
               ReferencedContainer = "container:.build/tuist-derived/swift-nio/swift-nio.xcodeproj">
            </BuildableReference>
         </BuildActionEntry>
         <BuildActionEntry
            buildForTesting = "YES"
            buildForRunning = "YES"
            buildForProfiling = "YES"
            buildForArchiving = "YES"
            buildForAnalyzing = "YES">
            <BuildableReference
               BuildableIdentifier = "primary"
               BlueprintIdentifier = "D80C475D54FE532C83DF1FC6"
               BuildableName = "CSystem.framework"
               BlueprintName = "CSystem"
               ReferencedContainer = "container:.build/tuist-derived/swift-system/swift-system.xcodeproj">
            </BuildableReference>
         </BuildActionEntry>
         <BuildActionEntry
            buildForTesting = "YES"
            buildForRunning = "YES"
            buildForProfiling = "YES"
            buildForArchiving = "YES"
            buildForAnalyzing = "YES">
            <BuildableReference
               BuildableIdentifier = "primary"
               BlueprintIdentifier = "70821F8F112A7E97A3951E6B"
               BuildableName = "CVaporBcrypt.framework"
               BlueprintName = "CVaporBcrypt"
               ReferencedContainer = "container:.build/tuist-derived/vapor/vapor.xcodeproj">
            </BuildableReference>
         </BuildActionEntry>
         <BuildActionEntry
            buildForTesting = "YES"
            buildForRunning = "YES"
            buildForProfiling = "YES"
            buildForArchiving = "YES"
            buildForAnalyzing = "YES">
            <BuildableReference
               BuildableIdentifier = "primary"
               BlueprintIdentifier = "2D341577929450B91B22C074"
               BuildableName = "Collections.framework"
               BlueprintName = "Collections"
               ReferencedContainer = "container:.build/tuist-derived/swift-collections/swift-collections.xcodeproj">
            </BuildableReference>
         </BuildActionEntry>
         <BuildActionEntry
            buildForTesting = "YES"
            buildForRunning = "YES"
            buildForProfiling = "YES"
            buildForArchiving = "YES"
            buildForAnalyzing = "YES">
            <BuildableReference
               BuildableIdentifier = "primary"
               BlueprintIdentifier = "E201E5BFD9EE56D76EA123E0"
               BuildableName = "ConsoleKit.framework"
               BlueprintName = "ConsoleKit"
               ReferencedContainer = "container:.build/tuist-derived/console-kit/console-kit.xcodeproj">
            </BuildableReference>
         </BuildActionEntry>
         <BuildActionEntry
            buildForTesting = "YES"
            buildForRunning = "YES"
            buildForProfiling = "YES"
            buildForArchiving = "YES"
            buildForAnalyzing = "YES">
            <BuildableReference
               BuildableIdentifier = "primary"
               BlueprintIdentifier = "4627DDD0FDCD15AA5695FBE9"
               BuildableName = "ConsoleKitCommands.framework"
               BlueprintName = "ConsoleKitCommands"
               ReferencedContainer = "container:.build/tuist-derived/console-kit/console-kit.xcodeproj">
            </BuildableReference>
         </BuildActionEntry>
         <BuildActionEntry
            buildForTesting = "YES"
            buildForRunning = "YES"
            buildForProfiling = "YES"
            buildForArchiving = "YES"
            buildForAnalyzing = "YES">
            <BuildableReference
               BuildableIdentifier = "primary"
               BlueprintIdentifier = "26E44CB77D1B6FBF17BD1A85"
               BuildableName = "ConsoleKitTerminal.framework"
               BlueprintName = "ConsoleKitTerminal"
               ReferencedContainer = "container:.build/tuist-derived/console-kit/console-kit.xcodeproj">
            </BuildableReference>
         </BuildActionEntry>
         <BuildActionEntry
            buildForTesting = "YES"
            buildForRunning = "YES"
            buildForProfiling = "YES"
            buildForArchiving = "YES"
            buildForAnalyzing = "YES">
            <BuildableReference
               BuildableIdentifier = "primary"
               BlueprintIdentifier = "9E31DD2E553014ADB4520BAA"
               BuildableName = "CoreMetrics.framework"
               BlueprintName = "CoreMetrics"
               ReferencedContainer = "container:.build/tuist-derived/swift-metrics/swift-metrics.xcodeproj">
            </BuildableReference>
         </BuildActionEntry>
         <BuildActionEntry
            buildForTesting = "YES"
            buildForRunning = "YES"
            buildForProfiling = "YES"
            buildForArchiving = "YES"
            buildForAnalyzing = "YES">
            <BuildableReference
               BuildableIdentifier = "primary"
               BlueprintIdentifier = "EFE8F0C7C1D24E25CAA7F815"
               BuildableName = "Crypto.framework"
               BlueprintName = "Crypto"
               ReferencedContainer = "container:.build/tuist-derived/swift-crypto/swift-crypto.xcodeproj">
            </BuildableReference>
         </BuildActionEntry>
         <BuildActionEntry
            buildForTesting = "YES"
            buildForRunning = "YES"
            buildForProfiling = "YES"
            buildForArchiving = "YES"
            buildForAnalyzing = "YES">
            <BuildableReference
               BuildableIdentifier = "primary"
               BlueprintIdentifier = "707F0BCAE2A3711F8A9E52F0"
               BuildableName = "DequeModule.framework"
               BlueprintName = "DequeModule"
               ReferencedContainer = "container:.build/tuist-derived/swift-collections/swift-collections.xcodeproj">
            </BuildableReference>
         </BuildActionEntry>
         <BuildActionEntry
            buildForTesting = "YES"
            buildForRunning = "YES"
            buildForProfiling = "YES"
            buildForArchiving = "YES"
            buildForAnalyzing = "YES">
            <BuildableReference
               BuildableIdentifier = "primary"
               BlueprintIdentifier = "22BE3C7B06C5C834CEC9B766"
               BuildableName = "HashTreeCollections.framework"
               BlueprintName = "HashTreeCollections"
               ReferencedContainer = "container:.build/tuist-derived/swift-collections/swift-collections.xcodeproj">
            </BuildableReference>
         </BuildActionEntry>
         <BuildActionEntry
            buildForTesting = "YES"
            buildForRunning = "YES"
            buildForProfiling = "YES"
            buildForArchiving = "YES"
            buildForAnalyzing = "YES">
            <BuildableReference
               BuildableIdentifier = "primary"
               BlueprintIdentifier = "24E7AD7E86CE40B2A403899D"
               BuildableName = "HeapModule.framework"
               BlueprintName = "HeapModule"
               ReferencedContainer = "container:.build/tuist-derived/swift-collections/swift-collections.xcodeproj">
            </BuildableReference>
         </BuildActionEntry>
         <BuildActionEntry
            buildForTesting = "YES"
            buildForRunning = "YES"
            buildForProfiling = "YES"
            buildForArchiving = "YES"
            buildForAnalyzing = "YES">
            <BuildableReference
               BuildableIdentifier = "primary"
               BlueprintIdentifier = "6A7B38BD8A72F03E40DC88E0"
               BuildableName = "InternalCollectionsUtilities.framework"
               BlueprintName = "InternalCollectionsUtilities"
               ReferencedContainer = "container:.build/tuist-derived/swift-collections/swift-collections.xcodeproj">
            </BuildableReference>
         </BuildActionEntry>
         <BuildActionEntry
            buildForTesting = "YES"
            buildForRunning = "YES"
            buildForProfiling = "YES"
            buildForArchiving = "YES"
            buildForAnalyzing = "YES">
            <BuildableReference
               BuildableIdentifier = "primary"
               BlueprintIdentifier = "628BD83AFACADF6FABBE54EB"
               BuildableName = "Logging.framework"
               BlueprintName = "Logging"
               ReferencedContainer = "container:.build/tuist-derived/swift-log/swift-log.xcodeproj">
            </BuildableReference>
         </BuildActionEntry>
         <BuildActionEntry
            buildForTesting = "YES"
            buildForRunning = "YES"
            buildForProfiling = "YES"
            buildForArchiving = "YES"
            buildForAnalyzing = "YES">
            <BuildableReference
               BuildableIdentifier = "primary"
               BlueprintIdentifier = "0B9643496F66AECD759F5301"
               BuildableName = "Metrics.framework"
               BlueprintName = "Metrics"
               ReferencedContainer = "container:.build/tuist-derived/swift-metrics/swift-metrics.xcodeproj">
            </BuildableReference>
         </BuildActionEntry>
         <BuildActionEntry
            buildForTesting = "YES"
            buildForRunning = "YES"
            buildForProfiling = "YES"
            buildForArchiving = "YES"
            buildForAnalyzing = "YES">
            <BuildableReference
               BuildableIdentifier = "primary"
               BlueprintIdentifier = "10FBD3AF7C7D4E90EE0E3E00"
               BuildableName = "MultipartKit.framework"
               BlueprintName = "MultipartKit"
               ReferencedContainer = "container:.build/tuist-derived/multipart-kit/multipart-kit.xcodeproj">
            </BuildableReference>
         </BuildActionEntry>
         <BuildActionEntry
            buildForTesting = "YES"
            buildForRunning = "YES"
            buildForProfiling = "YES"
            buildForArchiving = "YES"
            buildForAnalyzing = "YES">
            <BuildableReference
               BuildableIdentifier = "primary"
               BlueprintIdentifier = "C71F5DA40980CEC883A4B26B"
               BuildableName = "MySQLKit.framework"
               BlueprintName = "MySQLKit"
               ReferencedContainer = "container:.build/tuist-derived/mysql-kit/mysql-kit.xcodeproj">
            </BuildableReference>
         </BuildActionEntry>
         <BuildActionEntry
            buildForTesting = "YES"
            buildForRunning = "YES"
            buildForProfiling = "YES"
            buildForArchiving = "YES"
            buildForAnalyzing = "YES">
            <BuildableReference
               BuildableIdentifier = "primary"
               BlueprintIdentifier = "65F47D861AD2D07848BF8954"
               BuildableName = "MySQLNIO.framework"
               BlueprintName = "MySQLNIO"
               ReferencedContainer = "container:.build/tuist-derived/mysql-nio/mysql-nio.xcodeproj">
            </BuildableReference>
         </BuildActionEntry>
         <BuildActionEntry
            buildForTesting = "YES"
            buildForRunning = "YES"
            buildForProfiling = "YES"
            buildForArchiving = "YES"
            buildForAnalyzing = "YES">
            <BuildableReference
               BuildableIdentifier = "primary"
               BlueprintIdentifier = "AC84000F15D617D48694DC8C"
               BuildableName = "NIO.framework"
               BlueprintName = "NIO"
               ReferencedContainer = "container:.build/tuist-derived/swift-nio/swift-nio.xcodeproj">
            </BuildableReference>
         </BuildActionEntry>
         <BuildActionEntry
            buildForTesting = "YES"
            buildForRunning = "YES"
            buildForProfiling = "YES"
            buildForArchiving = "YES"
            buildForAnalyzing = "YES">
            <BuildableReference
               BuildableIdentifier = "primary"
               BlueprintIdentifier = "CC79365AE13B9ADBE8A8EED3"
               BuildableName = "NIOConcurrencyHelpers.framework"
               BlueprintName = "NIOConcurrencyHelpers"
               ReferencedContainer = "container:.build/tuist-derived/swift-nio/swift-nio.xcodeproj">
            </BuildableReference>
         </BuildActionEntry>
         <BuildActionEntry
            buildForTesting = "YES"
            buildForRunning = "YES"
            buildForProfiling = "YES"
            buildForArchiving = "YES"
            buildForAnalyzing = "YES">
            <BuildableReference
               BuildableIdentifier = "primary"
               BlueprintIdentifier = "3ED0FC107193DD6FA6D3E24B"
               BuildableName = "NIOCore.framework"
               BlueprintName = "NIOCore"
               ReferencedContainer = "container:.build/tuist-derived/swift-nio/swift-nio.xcodeproj">
            </BuildableReference>
         </BuildActionEntry>
         <BuildActionEntry
            buildForTesting = "YES"
            buildForRunning = "YES"
            buildForProfiling = "YES"
            buildForArchiving = "YES"
            buildForAnalyzing = "YES">
            <BuildableReference
               BuildableIdentifier = "primary"
               BlueprintIdentifier = "09EF0D87E9AF71D4023AA7CD"
               BuildableName = "NIOEmbedded.framework"
               BlueprintName = "NIOEmbedded"
               ReferencedContainer = "container:.build/tuist-derived/swift-nio/swift-nio.xcodeproj">
            </BuildableReference>
         </BuildActionEntry>
         <BuildActionEntry
            buildForTesting = "YES"
            buildForRunning = "YES"
            buildForProfiling = "YES"
            buildForArchiving = "YES"
            buildForAnalyzing = "YES">
            <BuildableReference
               BuildableIdentifier = "primary"
               BlueprintIdentifier = "A4347118777F7C6ED0651BC9"
               BuildableName = "NIOExtras.framework"
               BlueprintName = "NIOExtras"
               ReferencedContainer = "container:.build/tuist-derived/swift-nio-extras/swift-nio-extras.xcodeproj">
            </BuildableReference>
         </BuildActionEntry>
         <BuildActionEntry
            buildForTesting = "YES"
            buildForRunning = "YES"
            buildForProfiling = "YES"
            buildForArchiving = "YES"
            buildForAnalyzing = "YES">
            <BuildableReference
               BuildableIdentifier = "primary"
               BlueprintIdentifier = "4382B02E149F5FC102E69204"
               BuildableName = "NIOFileSystem.framework"
               BlueprintName = "NIOFileSystem"
               ReferencedContainer = "container:.build/tuist-derived/swift-nio/swift-nio.xcodeproj">
            </BuildableReference>
         </BuildActionEntry>
         <BuildActionEntry
            buildForTesting = "YES"
            buildForRunning = "YES"
            buildForProfiling = "YES"
            buildForArchiving = "YES"
            buildForAnalyzing = "YES">
            <BuildableReference
               BuildableIdentifier = "primary"
               BlueprintIdentifier = "F3B5A905721F2A9237241B4A"
               BuildableName = "NIOFoundationCompat.framework"
               BlueprintName = "NIOFoundationCompat"
               ReferencedContainer = "container:.build/tuist-derived/swift-nio/swift-nio.xcodeproj">
            </BuildableReference>
         </BuildActionEntry>
         <BuildActionEntry
            buildForTesting = "YES"
            buildForRunning = "YES"
            buildForProfiling = "YES"
            buildForArchiving = "YES"
            buildForAnalyzing = "YES">
            <BuildableReference
               BuildableIdentifier = "primary"
               BlueprintIdentifier = "2B77C74F40437E97F51A2599"
               BuildableName = "NIOHPACK.framework"
               BlueprintName = "NIOHPACK"
               ReferencedContainer = "container:.build/tuist-derived/swift-nio-http2/swift-nio-http2.xcodeproj">
            </BuildableReference>
         </BuildActionEntry>
         <BuildActionEntry
            buildForTesting = "YES"
            buildForRunning = "YES"
            buildForProfiling = "YES"
            buildForArchiving = "YES"
            buildForAnalyzing = "YES">
            <BuildableReference
               BuildableIdentifier = "primary"
               BlueprintIdentifier = "57EBA644532AA1E576DA8C5E"
               BuildableName = "NIOHTTP1.framework"
               BlueprintName = "NIOHTTP1"
               ReferencedContainer = "container:.build/tuist-derived/swift-nio/swift-nio.xcodeproj">
            </BuildableReference>
         </BuildActionEntry>
         <BuildActionEntry
            buildForTesting = "YES"
            buildForRunning = "YES"
            buildForProfiling = "YES"
            buildForArchiving = "YES"
            buildForAnalyzing = "YES">
            <BuildableReference
               BuildableIdentifier = "primary"
               BlueprintIdentifier = "21BD2EF14E5EE0BBB47E92A9"
               BuildableName = "NIOHTTP2.framework"
               BlueprintName = "NIOHTTP2"
               ReferencedContainer = "container:.build/tuist-derived/swift-nio-http2/swift-nio-http2.xcodeproj">
            </BuildableReference>
         </BuildActionEntry>
         <BuildActionEntry
            buildForTesting = "YES"
            buildForRunning = "YES"
            buildForProfiling = "YES"
            buildForArchiving = "YES"
            buildForAnalyzing = "YES">
            <BuildableReference
               BuildableIdentifier = "primary"
               BlueprintIdentifier = "62BB4214CA77B6E0D4C6AAF3"
               BuildableName = "NIOHTTPCompression.framework"
               BlueprintName = "NIOHTTPCompression"
               ReferencedContainer = "container:.build/tuist-derived/swift-nio-extras/swift-nio-extras.xcodeproj">
            </BuildableReference>
         </BuildActionEntry>
         <BuildActionEntry
            buildForTesting = "YES"
            buildForRunning = "YES"
            buildForProfiling = "YES"
            buildForArchiving = "YES"
            buildForAnalyzing = "YES">
            <BuildableReference
               BuildableIdentifier = "primary"
               BlueprintIdentifier = "78426BFD21E0065F08E566A0"
               BuildableName = "NIOPosix.framework"
               BlueprintName = "NIOPosix"
               ReferencedContainer = "container:.build/tuist-derived/swift-nio/swift-nio.xcodeproj">
            </BuildableReference>
         </BuildActionEntry>
         <BuildActionEntry
            buildForTesting = "YES"
            buildForRunning = "YES"
            buildForProfiling = "YES"
            buildForArchiving = "YES"
            buildForAnalyzing = "YES">
            <BuildableReference
               BuildableIdentifier = "primary"
               BlueprintIdentifier = "10771D5F197FFA0D9B5EE3F1"
               BuildableName = "NIOSOCKS.framework"
               BlueprintName = "NIOSOCKS"
               ReferencedContainer = "container:.build/tuist-derived/swift-nio-extras/swift-nio-extras.xcodeproj">
            </BuildableReference>
         </BuildActionEntry>
         <BuildActionEntry
            buildForTesting = "YES"
            buildForRunning = "YES"
            buildForProfiling = "YES"
            buildForArchiving = "YES"
            buildForAnalyzing = "YES">
            <BuildableReference
               BuildableIdentifier = "primary"
               BlueprintIdentifier = "C95C7B6A1E63EDA5344BF2B9"
               BuildableName = "NIOSSL.framework"
               BlueprintName = "NIOSSL"
               ReferencedContainer = "container:.build/tuist-derived/swift-nio-ssl/swift-nio-ssl.xcodeproj">
            </BuildableReference>
         </BuildActionEntry>
         <BuildActionEntry
            buildForTesting = "YES"
            buildForRunning = "YES"
            buildForProfiling = "YES"
            buildForArchiving = "YES"
            buildForAnalyzing = "YES">
            <BuildableReference
               BuildableIdentifier = "primary"
               BlueprintIdentifier = "1500B49D2E1CEA8873D69930"
               BuildableName = "NIOTLS.framework"
               BlueprintName = "NIOTLS"
               ReferencedContainer = "container:.build/tuist-derived/swift-nio/swift-nio.xcodeproj">
            </BuildableReference>
         </BuildActionEntry>
         <BuildActionEntry
            buildForTesting = "YES"
            buildForRunning = "YES"
            buildForProfiling = "YES"
            buildForArchiving = "YES"
            buildForAnalyzing = "YES">
            <BuildableReference
               BuildableIdentifier = "primary"
               BlueprintIdentifier = "C56D3F42ECD0CC1923457F09"
               BuildableName = "NIOTransportServices.framework"
               BlueprintName = "NIOTransportServices"
               ReferencedContainer = "container:.build/tuist-derived/swift-nio-transport-services/swift-nio-transport-services.xcodeproj">
            </BuildableReference>
         </BuildActionEntry>
         <BuildActionEntry
            buildForTesting = "YES"
            buildForRunning = "YES"
            buildForProfiling = "YES"
            buildForArchiving = "YES"
            buildForAnalyzing = "YES">
            <BuildableReference
               BuildableIdentifier = "primary"
               BlueprintIdentifier = "0B10ADB2444EA65D6E5D629F"
               BuildableName = "NIOWebSocket.framework"
               BlueprintName = "NIOWebSocket"
               ReferencedContainer = "container:.build/tuist-derived/swift-nio/swift-nio.xcodeproj">
            </BuildableReference>
         </BuildActionEntry>
         <BuildActionEntry
            buildForTesting = "YES"
            buildForRunning = "YES"
            buildForProfiling = "YES"
            buildForArchiving = "YES"
            buildForAnalyzing = "YES">
            <BuildableReference
               BuildableIdentifier = "primary"
               BlueprintIdentifier = "E07053DCBDB7F16C14688195"
               BuildableName = "OrderedCollections.framework"
               BlueprintName = "OrderedCollections"
               ReferencedContainer = "container:.build/tuist-derived/swift-collections/swift-collections.xcodeproj">
            </BuildableReference>
         </BuildActionEntry>
         <BuildActionEntry
            buildForTesting = "YES"
            buildForRunning = "YES"
            buildForProfiling = "YES"
            buildForArchiving = "YES"
            buildForAnalyzing = "YES">
            <BuildableReference
               BuildableIdentifier = "primary"
               BlueprintIdentifier = "665DB30C45B2A77DEB71A41F"
               BuildableName = "RealModule.framework"
               BlueprintName = "RealModule"
               ReferencedContainer = "container:.build/tuist-derived/swift-numerics/swift-numerics.xcodeproj">
            </BuildableReference>
         </BuildActionEntry>
         <BuildActionEntry
            buildForTesting = "YES"
            buildForRunning = "YES"
            buildForProfiling = "YES"
            buildForArchiving = "YES"
            buildForAnalyzing = "YES">
            <BuildableReference
               BuildableIdentifier = "primary"
               BlueprintIdentifier = "6877F9848F96695E9A68CF3B"
               BuildableName = "RoutingKit.framework"
               BlueprintName = "RoutingKit"
               ReferencedContainer = "container:.build/tuist-derived/routing-kit/routing-kit.xcodeproj">
            </BuildableReference>
         </BuildActionEntry>
         <BuildActionEntry
            buildForTesting = "YES"
            buildForRunning = "YES"
            buildForProfiling = "YES"
            buildForArchiving = "YES"
            buildForAnalyzing = "YES">
            <BuildableReference
               BuildableIdentifier = "primary"
               BlueprintIdentifier = "DEDC7E5650978C58A198CBFA"
               BuildableName = "SQLKit.framework"
               BlueprintName = "SQLKit"
               ReferencedContainer = "container:.build/tuist-derived/sql-kit/sql-kit.xcodeproj">
            </BuildableReference>
         </BuildActionEntry>
         <BuildActionEntry
            buildForTesting = "YES"
            buildForRunning = "YES"
            buildForProfiling = "YES"
            buildForArchiving = "YES"
            buildForAnalyzing = "YES">
            <BuildableReference
               BuildableIdentifier = "primary"
               BlueprintIdentifier = "5954AD233608F7945F85C223"
               BuildableName = "SystemPackage.framework"
               BlueprintName = "SystemPackage"
               ReferencedContainer = "container:.build/tuist-derived/swift-system/swift-system.xcodeproj">
            </BuildableReference>
         </BuildActionEntry>
         <BuildActionEntry
            buildForTesting = "YES"
            buildForRunning = "YES"
            buildForProfiling = "YES"
            buildForArchiving = "YES"
            buildForAnalyzing = "YES">
            <BuildableReference
               BuildableIdentifier = "primary"
               BlueprintIdentifier = "D6177391E6EA03521CC4AB4B"
               BuildableName = "Vapor.framework"
               BlueprintName = "Vapor"
               ReferencedContainer = "container:.build/tuist-derived/vapor/vapor.xcodeproj">
            </BuildableReference>
         </BuildActionEntry>
         <BuildActionEntry
            buildForTesting = "YES"
            buildForRunning = "YES"
            buildForProfiling = "YES"
            buildForArchiving = "YES"
            buildForAnalyzing = "YES">
            <BuildableReference
               BuildableIdentifier = "primary"
               BlueprintIdentifier = "904C8233B940FE354E0E0252"
               BuildableName = "WebSocketKit.framework"
               BlueprintName = "WebSocketKit"
               ReferencedContainer = "container:.build/tuist-derived/websocket-kit/websocket-kit.xcodeproj">
            </BuildableReference>
         </BuildActionEntry>
         <BuildActionEntry
            buildForTesting = "YES"
            buildForRunning = "YES"
            buildForProfiling = "YES"
            buildForArchiving = "YES"
            buildForAnalyzing = "YES">
            <BuildableReference
               BuildableIdentifier = "primary"
               BlueprintIdentifier = "BCA8148C831D4C46AD399A47"
               BuildableName = "_AtomicsShims.framework"
               BlueprintName = "_AtomicsShims"
               ReferencedContainer = "container:.build/tuist-derived/swift-atomics/swift-atomics.xcodeproj">
            </BuildableReference>
         </BuildActionEntry>
         <BuildActionEntry
            buildForTesting = "YES"
            buildForRunning = "YES"
            buildForProfiling = "YES"
            buildForArchiving = "YES"
            buildForAnalyzing = "YES">
            <BuildableReference
               BuildableIdentifier = "primary"
               BlueprintIdentifier = "CBF60E60146DC33E6BA90BC4"
               BuildableName = "_NIOBase64.framework"
               BlueprintName = "_NIOBase64"
               ReferencedContainer = "container:.build/tuist-derived/swift-nio/swift-nio.xcodeproj">
            </BuildableReference>
         </BuildActionEntry>
         <BuildActionEntry
            buildForTesting = "YES"
            buildForRunning = "YES"
            buildForProfiling = "YES"
            buildForArchiving = "YES"
            buildForAnalyzing = "YES">
            <BuildableReference
               BuildableIdentifier = "primary"
               BlueprintIdentifier = "7128DA30D828EEF8B04BBD06"
               BuildableName = "_NIODataStructures.framework"
               BlueprintName = "_NIODataStructures"
               ReferencedContainer = "container:.build/tuist-derived/swift-nio/swift-nio.xcodeproj">
            </BuildableReference>
         </BuildActionEntry>
         <BuildActionEntry
            buildForTesting = "YES"
            buildForRunning = "YES"
            buildForProfiling = "YES"
            buildForArchiving = "YES"
            buildForAnalyzing = "YES">
            <BuildableReference
               BuildableIdentifier = "primary"
               BlueprintIdentifier = "66A2601701140DC0B895F3BC"
               BuildableName = "_NIOFileSystem.framework"
               BlueprintName = "_NIOFileSystem"
               ReferencedContainer = "container:.build/tuist-derived/swift-nio/swift-nio.xcodeproj">
            </BuildableReference>
         </BuildActionEntry>
         <BuildActionEntry
            buildForTesting = "YES"
            buildForRunning = "YES"
            buildForProfiling = "YES"
            buildForArchiving = "YES"
            buildForAnalyzing = "YES">
            <BuildableReference
               BuildableIdentifier = "primary"
               BlueprintIdentifier = "BC3AD1782009B9D823996EF4"
               BuildableName = "_NIOFileSystemFoundationCompat.framework"
               BlueprintName = "_NIOFileSystemFoundationCompat"
               ReferencedContainer = "container:.build/tuist-derived/swift-nio/swift-nio.xcodeproj">
            </BuildableReference>
         </BuildActionEntry>
         <BuildActionEntry
            buildForTesting = "YES"
            buildForRunning = "YES"
            buildForProfiling = "YES"
            buildForArchiving = "YES"
            buildForAnalyzing = "YES">
            <BuildableReference
               BuildableIdentifier = "primary"
               BlueprintIdentifier = "F5FFA0FE6DB8AA7BA170A64C"
               BuildableName = "_NumericsShims.framework"
               BlueprintName = "_NumericsShims"
               ReferencedContainer = "container:.build/tuist-derived/swift-numerics/swift-numerics.xcodeproj">
            </BuildableReference>
         </BuildActionEntry>
         <BuildActionEntry
            buildForTesting = "YES"
            buildForRunning = "YES"
            buildForProfiling = "YES"
            buildForArchiving = "YES"
            buildForAnalyzing = "YES">
            <BuildableReference
               BuildableIdentifier = "primary"
               BlueprintIdentifier = "C0D6D83586899AD15DD9C41C"
               BuildableName = "_RopeModule.framework"
               BlueprintName = "_RopeModule"
               ReferencedContainer = "container:.build/tuist-derived/swift-collections/swift-collections.xcodeproj">
            </BuildableReference>
         </BuildActionEntry>
         <BuildActionEntry
            buildForTesting = "YES"
            buildForRunning = "YES"
            buildForProfiling = "YES"
            buildForArchiving = "YES"
            buildForAnalyzing = "YES">
            <BuildableReference
               BuildableIdentifier = "primary"
               BlueprintIdentifier = "80768BF23537BC72995D780E"
               BuildableName = "swift_crypto_Crypto.bundle"
               BlueprintName = "swift-crypto_Crypto"
               ReferencedContainer = "container:.build/tuist-derived/swift-crypto/swift-crypto.xcodeproj">
            </BuildableReference>
         </BuildActionEntry>
         <BuildActionEntry
            buildForTesting = "YES"
            buildForRunning = "YES"
            buildForProfiling = "YES"
            buildForArchiving = "YES"
            buildForAnalyzing = "YES">
            <BuildableReference
               BuildableIdentifier = "primary"
               BlueprintIdentifier = "52A7947055A745902A186137"
               BuildableName = "swift_nio_ssl_NIOSSL.bundle"
               BlueprintName = "swift-nio-ssl_NIOSSL"
               ReferencedContainer = "container:.build/tuist-derived/swift-nio-ssl/swift-nio-ssl.xcodeproj">
            </BuildableReference>
         </BuildActionEntry>
         <BuildActionEntry
            buildForTesting = "YES"
            buildForRunning = "YES"
            buildForProfiling = "YES"
            buildForArchiving = "YES"
            buildForAnalyzing = "YES">
            <BuildableReference
               BuildableIdentifier = "primary"
               BlueprintIdentifier = "30BA9B086FC1A0A145840DB0"
               BuildableName = "swift_nio_NIOPosix.bundle"
               BlueprintName = "swift-nio_NIOPosix"
               ReferencedContainer = "container:.build/tuist-derived/swift-nio/swift-nio.xcodeproj">
            </BuildableReference>
         </BuildActionEntry>
         <BuildActionEntry
            buildForTesting = "YES"
            buildForRunning = "YES"
            buildForProfiling = "YES"
            buildForArchiving = "YES"
            buildForAnalyzing = "YES">
            <BuildableReference
               BuildableIdentifier = "primary"
               BlueprintIdentifier = "52F181249D8B20372ECAC38A"
               BuildableName = "swift_nio__NIOFileSystem.bundle"
               BlueprintName = "swift-nio__NIOFileSystem"
               ReferencedContainer = "container:.build/tuist-derived/swift-nio/swift-nio.xcodeproj">
            </BuildableReference>
         </BuildActionEntry>
      </BuildActionEntries>
   </BuildAction>
   <TestAction
      buildConfiguration = "Debug"
      selectedDebuggerIdentifier = "Xcode.DebuggerFoundation.Debugger.LLDB"
      selectedLauncherIdentifier = "Xcode.DebuggerFoundation.Launcher.LLDB"
      shouldUseLaunchSchemeArgsEnv = "YES">
      <Testables>
      </Testables>
   </TestAction>
   <LaunchAction
      buildConfiguration = "Debug"
      selectedDebuggerIdentifier = "Xcode.DebuggerFoundation.Debugger.LLDB"
      selectedLauncherIdentifier = "Xcode.DebuggerFoundation.Launcher.LLDB"
      launchStyle = "0"
      useCustomWorkingDirectory = "NO"
      ignoresPersistentStateOnLaunch = "NO"
      debugDocumentVersioning = "YES"
      debugServiceExtension = "internal"
      allowLocationSimulation = "YES">
      <MacroExpansion>
         <BuildableReference
            BuildableIdentifier = "primary"
            BlueprintIdentifier = "A1794ABEF889A33E6D27E466"
            BuildableName = "Algorithms.framework"
            BlueprintName = "Algorithms"
            ReferencedContainer = "container:.build/tuist-derived/swift-algorithms/swift-algorithms.xcodeproj">
         </BuildableReference>
      </MacroExpansion>
   </LaunchAction>
   <ProfileAction
      buildConfiguration = "Release"
      shouldUseLaunchSchemeArgsEnv = "YES"
      savedToolIdentifier = ""
      useCustomWorkingDirectory = "NO"
      debugDocumentVersioning = "YES">
      <MacroExpansion>
         <BuildableReference
            BuildableIdentifier = "primary"
            BlueprintIdentifier = "A1794ABEF889A33E6D27E466"
            BuildableName = "Algorithms.framework"
            BlueprintName = "Algorithms"
            ReferencedContainer = "container:.build/tuist-derived/swift-algorithms/swift-algorithms.xcodeproj">
         </BuildableReference>
      </MacroExpansion>
   </ProfileAction>
   <AnalyzeAction
      buildConfiguration = "Debug">
   </AnalyzeAction>
   <ArchiveAction
      buildConfiguration = "Release"
      revealArchiveInOrganizer = "YES">
   </ArchiveAction>
</Scheme>
